// !$*UTF8*$!
{
	archiveVersion = 1;
	classes = {
	};
	objectVersion = 56;
	objects = {

/* Begin PBXBuildFile section */
		998EA80F2AFDA43B0071E73A /* AppDelegate.swift in Sources */ = {isa = PBXBuildFile; fileRef = 998EA80E2AFDA43B0071E73A /* AppDelegate.swift */; };
		998EA8112AFDA43B0071E73A /* SceneDelegate.swift in Sources */ = {isa = PBXBuildFile; fileRef = 998EA8102AFDA43B0071E73A /* SceneDelegate.swift */; };
		998EA8132AFDA43B0071E73A /* EmojiViewController.swift in Sources */ = {isa = PBXBuildFile; fileRef = 998EA8122AFDA43B0071E73A /* EmojiViewController.swift */; };
		998EA8162AFDA43B0071E73A /* Main.storyboard in Resources */ = {isa = PBXBuildFile; fileRef = 998EA8142AFDA43B0071E73A /* Main.storyboard */; };
		998EA8182AFDA43F0071E73A /* Assets.xcassets in Resources */ = {isa = PBXBuildFile; fileRef = 998EA8172AFDA43F0071E73A /* Assets.xcassets */; };
		998EA81B2AFDA43F0071E73A /* LaunchScreen.storyboard in Resources */ = {isa = PBXBuildFile; fileRef = 998EA8192AFDA43F0071E73A /* LaunchScreen.storyboard */; };
		998EA8232AFDA6240071E73A /* EmojiesCell.swift in Sources */ = {isa = PBXBuildFile; fileRef = 998EA8222AFDA6240071E73A /* EmojiesCell.swift */; };
		BB4D43012B3110D400CABBEE /* EmojiMixerFactory.swift in Sources */ = {isa = PBXBuildFile; fileRef = BB4D43002B3110D400CABBEE /* EmojiMixerFactory.swift */; };
		BB4D43062B32028D00CABBEE /* UIColorMarshalling.swift in Sources */ = {isa = PBXBuildFile; fileRef = BB4D43052B32028D00CABBEE /* UIColorMarshalling.swift */; };
		BB4D43082B3202BF00CABBEE /* EmojiMixStore.swift in Sources */ = {isa = PBXBuildFile; fileRef = BB4D43072B3202BF00CABBEE /* EmojiMixStore.swift */; };
		BBCB699A2B33A04900A86A9A /* Model.xcdatamodeld in Sources */ = {isa = PBXBuildFile; fileRef = BBCB69982B33A04900A86A9A /* Model.xcdatamodeld */; };
/* End PBXBuildFile section */

/* Begin PBXFileReference section */
		998EA80B2AFDA43B0071E73A /* MyEmojiMixer.app */ = {isa = PBXFileReference; explicitFileType = wrapper.application; includeInIndex = 0; path = MyEmojiMixer.app; sourceTree = BUILT_PRODUCTS_DIR; };
		998EA80E2AFDA43B0071E73A /* AppDelegate.swift */ = {isa = PBXFileReference; lastKnownFileType = sourcecode.swift; path = AppDelegate.swift; sourceTree = "<group>"; };
		998EA8102AFDA43B0071E73A /* SceneDelegate.swift */ = {isa = PBXFileReference; lastKnownFileType = sourcecode.swift; path = SceneDelegate.swift; sourceTree = "<group>"; };
		998EA8122AFDA43B0071E73A /* EmojiViewController.swift */ = {isa = PBXFileReference; lastKnownFileType = sourcecode.swift; path = EmojiViewController.swift; sourceTree = "<group>"; };
		998EA8152AFDA43B0071E73A /* Base */ = {isa = PBXFileReference; lastKnownFileType = file.storyboard; name = Base; path = Base.lproj/Main.storyboard; sourceTree = "<group>"; };
		998EA8172AFDA43F0071E73A /* Assets.xcassets */ = {isa = PBXFileReference; lastKnownFileType = folder.assetcatalog; path = Assets.xcassets; sourceTree = "<group>"; };
		998EA81A2AFDA43F0071E73A /* Base */ = {isa = PBXFileReference; lastKnownFileType = file.storyboard; name = Base; path = Base.lproj/LaunchScreen.storyboard; sourceTree = "<group>"; };
		998EA81C2AFDA43F0071E73A /* Info.plist */ = {isa = PBXFileReference; lastKnownFileType = text.plist.xml; path = Info.plist; sourceTree = "<group>"; };
		998EA8222AFDA6240071E73A /* EmojiesCell.swift */ = {isa = PBXFileReference; lastKnownFileType = sourcecode.swift; path = EmojiesCell.swift; sourceTree = "<group>"; };
		BB4D43002B3110D400CABBEE /* EmojiMixerFactory.swift */ = {isa = PBXFileReference; lastKnownFileType = sourcecode.swift; path = EmojiMixerFactory.swift; sourceTree = "<group>"; };
		BB4D43052B32028D00CABBEE /* UIColorMarshalling.swift */ = {isa = PBXFileReference; lastKnownFileType = sourcecode.swift; path = UIColorMarshalling.swift; sourceTree = "<group>"; };
		BB4D43072B3202BF00CABBEE /* EmojiMixStore.swift */ = {isa = PBXFileReference; lastKnownFileType = sourcecode.swift; path = EmojiMixStore.swift; sourceTree = "<group>"; };
		BBCB69992B33A04900A86A9A /* Model.xcdatamodel */ = {isa = PBXFileReference; lastKnownFileType = wrapper.xcdatamodel; path = Model.xcdatamodel; sourceTree = "<group>"; };
/* End PBXFileReference section */

/* Begin PBXFrameworksBuildPhase section */
		998EA8082AFDA43B0071E73A /* Frameworks */ = {
			isa = PBXFrameworksBuildPhase;
			buildActionMask = 2147483647;
			files = (
			);
			runOnlyForDeploymentPostprocessing = 0;
		};
/* End PBXFrameworksBuildPhase section */

/* Begin PBXGroup section */
		998EA8022AFDA43B0071E73A = {
			isa = PBXGroup;
			children = (
				998EA80D2AFDA43B0071E73A /* MyEmojiMixer */,
				998EA80C2AFDA43B0071E73A /* Products */,
			);
			sourceTree = "<group>";
		};
		998EA80C2AFDA43B0071E73A /* Products */ = {
			isa = PBXGroup;
			children = (
				998EA80B2AFDA43B0071E73A /* MyEmojiMixer.app */,
			);
			name = Products;
			sourceTree = "<group>";
		};
		998EA80D2AFDA43B0071E73A /* MyEmojiMixer */ = {
			isa = PBXGroup;
			children = (
				BBCB69972B33A03C00A86A9A /* CoreData */,
				998EA80E2AFDA43B0071E73A /* AppDelegate.swift */,
				998EA8102AFDA43B0071E73A /* SceneDelegate.swift */,
				998EA8122AFDA43B0071E73A /* EmojiViewController.swift */,
				998EA8222AFDA6240071E73A /* EmojiesCell.swift */,
				BB4D43002B3110D400CABBEE /* EmojiMixerFactory.swift */,
				BB4D43072B3202BF00CABBEE /* EmojiMixStore.swift */,
				BB4D43052B32028D00CABBEE /* UIColorMarshalling.swift */,
				998EA8142AFDA43B0071E73A /* Main.storyboard */,
				998EA8172AFDA43F0071E73A /* Assets.xcassets */,
				998EA8192AFDA43F0071E73A /* LaunchScreen.storyboard */,
				998EA81C2AFDA43F0071E73A /* Info.plist */,
			);
			path = MyEmojiMixer;
			sourceTree = "<group>";
		};
		BBCB69972B33A03C00A86A9A /* CoreData */ = {
			isa = PBXGroup;
			children = (
				BBCB69982B33A04900A86A9A /* Model.xcdatamodeld */,
			);
			path = CoreData;
			sourceTree = "<group>";
		};
/* End PBXGroup section */

/* Begin PBXNativeTarget section */
		998EA80A2AFDA43B0071E73A /* MyEmojiMixer */ = {
			isa = PBXNativeTarget;
			buildConfigurationList = 998EA81F2AFDA43F0071E73A /* Build configuration list for PBXNativeTarget "MyEmojiMixer" */;
			buildPhases = (
				998EA8072AFDA43B0071E73A /* Sources */,
				998EA8082AFDA43B0071E73A /* Frameworks */,
				998EA8092AFDA43B0071E73A /* Resources */,
			);
			buildRules = (
			);
			dependencies = (
			);
			name = MyEmojiMixer;
			productName = MyEmojiMixer;
			productReference = 998EA80B2AFDA43B0071E73A /* MyEmojiMixer.app */;
			productType = "com.apple.product-type.application";
		};
/* End PBXNativeTarget section */

/* Begin PBXProject section */
		998EA8032AFDA43B0071E73A /* Project object */ = {
			isa = PBXProject;
			attributes = {
				BuildIndependentTargetsInParallel = 1;
				LastSwiftUpdateCheck = 1500;
				LastUpgradeCheck = 1500;
				TargetAttributes = {
					998EA80A2AFDA43B0071E73A = {
						CreatedOnToolsVersion = 15.0.1;
					};
				};
			};
			buildConfigurationList = 998EA8062AFDA43B0071E73A /* Build configuration list for PBXProject "MyEmojiMixer" */;
			compatibilityVersion = "Xcode 14.0";
			developmentRegion = en;
			hasScannedForEncodings = 0;
			knownRegions = (
				en,
				Base,
			);
			mainGroup = 998EA8022AFDA43B0071E73A;
			productRefGroup = 998EA80C2AFDA43B0071E73A /* Products */;
			projectDirPath = "";
			projectRoot = "";
			targets = (
				998EA80A2AFDA43B0071E73A /* MyEmojiMixer */,
			);
		};
/* End PBXProject section */

/* Begin PBXResourcesBuildPhase section */
		998EA8092AFDA43B0071E73A /* Resources */ = {
			isa = PBXResourcesBuildPhase;
			buildActionMask = 2147483647;
			files = (
				998EA81B2AFDA43F0071E73A /* LaunchScreen.storyboard in Resources */,
				998EA8182AFDA43F0071E73A /* Assets.xcassets in Resources */,
				998EA8162AFDA43B0071E73A /* Main.storyboard in Resources */,
			);
			runOnlyForDeploymentPostprocessing = 0;
		};
/* End PBXResourcesBuildPhase section */

/* Begin PBXSourcesBuildPhase section */
		998EA8072AFDA43B0071E73A /* Sources */ = {
			isa = PBXSourcesBuildPhase;
			buildActionMask = 2147483647;
			files = (
				998EA8232AFDA6240071E73A /* EmojiesCell.swift in Sources */,
				998EA8132AFDA43B0071E73A /* EmojiViewController.swift in Sources */,
				BB4D43012B3110D400CABBEE /* EmojiMixerFactory.swift in Sources */,
				BBCB699A2B33A04900A86A9A /* Model.xcdatamodeld in Sources */,
				998EA80F2AFDA43B0071E73A /* AppDelegate.swift in Sources */,
				BB4D43082B3202BF00CABBEE /* EmojiMixStore.swift in Sources */,
				998EA8112AFDA43B0071E73A /* SceneDelegate.swift in Sources */,
				BB4D43062B32028D00CABBEE /* UIColorMarshalling.swift in Sources */,
			);
			runOnlyForDeploymentPostprocessing = 0;
		};
/* End PBXSourcesBuildPhase section */

/* Begin PBXVariantGroup section */
		998EA8142AFDA43B0071E73A /* Main.storyboard */ = {
			isa = PBXVariantGroup;
			children = (
				998EA8152AFDA43B0071E73A /* Base */,
			);
			name = Main.storyboard;
			sourceTree = "<group>";
		};
		998EA8192AFDA43F0071E73A /* LaunchScreen.storyboard */ = {
			isa = PBXVariantGroup;
			children = (
				998EA81A2AFDA43F0071E73A /* Base */,
			);
			name = LaunchScreen.storyboard;
			sourceTree = "<group>";
		};
/* End PBXVariantGroup section */

/* Begin XCBuildConfiguration section */
		998EA81D2AFDA43F0071E73A /* Debug */ = {
			isa = XCBuildConfiguration;
			buildSettings = {
				ALWAYS_SEARCH_USER_PATHS = NO;
				ASSETCATALOG_COMPILER_GENERATE_SWIFT_ASSET_SYMBOL_EXTENSIONS = YES;
				CLANG_ANALYZER_NONNULL = YES;
				CLANG_ANALYZER_NUMBER_OBJECT_CONVERSION = YES_AGGRESSIVE;
				CLANG_CXX_LANGUAGE_STANDARD = "gnu++20";
				CLANG_ENABLE_MODULES = YES;
				CLANG_ENABLE_OBJC_ARC = YES;
				CLANG_ENABLE_OBJC_WEAK = YES;
				CLANG_WARN_BLOCK_CAPTURE_AUTORELEASING = YES;
				CLANG_WARN_BOOL_CONVERSION = YES;
				CLANG_WARN_COMMA = YES;
				CLANG_WARN_CONSTANT_CONVERSION = YES;
				CLANG_WARN_DEPRECATED_OBJC_IMPLEMENTATIONS = YES;
				CLANG_WARN_DIRECT_OBJC_ISA_USAGE = YES_ERROR;
				CLANG_WARN_DOCUMENTATION_COMMENTS = YES;
				CLANG_WARN_EMPTY_BODY = YES;
				CLANG_WARN_ENUM_CONVERSION = YES;
				CLANG_WARN_INFINITE_RECURSION = YES;
				CLANG_WARN_INT_CONVERSION = YES;
				CLANG_WARN_NON_LITERAL_NULL_CONVERSION = YES;
				CLANG_WARN_OBJC_IMPLICIT_RETAIN_SELF = YES;
				CLANG_WARN_OBJC_LITERAL_CONVERSION = YES;
				CLANG_WARN_OBJC_ROOT_CLASS = YES_ERROR;
				CLANG_WARN_QUOTED_INCLUDE_IN_FRAMEWORK_HEADER = YES;
				CLANG_WARN_RANGE_LOOP_ANALYSIS = YES;
				CLANG_WARN_STRICT_PROTOTYPES = YES;
				CLANG_WARN_SUSPICIOUS_MOVE = YES;
				CLANG_WARN_UNGUARDED_AVAILABILITY = YES_AGGRESSIVE;
				CLANG_WARN_UNREACHABLE_CODE = YES;
				CLANG_WARN__DUPLICATE_METHOD_MATCH = YES;
				COPY_PHASE_STRIP = NO;
				DEBUG_INFORMATION_FORMAT = dwarf;
				ENABLE_STRICT_OBJC_MSGSEND = YES;
				ENABLE_TESTABILITY = YES;
				ENABLE_USER_SCRIPT_SANDBOXING = YES;
				GCC_C_LANGUAGE_STANDARD = gnu17;
				GCC_DYNAMIC_NO_PIC = NO;
				GCC_NO_COMMON_BLOCKS = YES;
				GCC_OPTIMIZATION_LEVEL = 0;
				GCC_PREPROCESSOR_DEFINITIONS = (
					"DEBUG=1",
					"$(inherited)",
				);
				GCC_WARN_64_TO_32_BIT_CONVERSION = YES;
				GCC_WARN_ABOUT_RETURN_TYPE = YES_ERROR;
				GCC_WARN_UNDECLARED_SELECTOR = YES;
				GCC_WARN_UNINITIALIZED_AUTOS = YES_AGGRESSIVE;
				GCC_WARN_UNUSED_FUNCTION = YES;
				GCC_WARN_UNUSED_VARIABLE = YES;
				IPHONEOS_DEPLOYMENT_TARGET = 15.0;
				LOCALIZATION_PREFERS_STRING_CATALOGS = YES;
				MTL_ENABLE_DEBUG_INFO = INCLUDE_SOURCE;
				MTL_FAST_MATH = YES;
				ONLY_ACTIVE_ARCH = YES;
				SDKROOT = iphoneos;
				SWIFT_ACTIVE_COMPILATION_CONDITIONS = "DEBUG $(inherited)";
				SWIFT_OPTIMIZATION_LEVEL = "-Onone";
			};
			name = Debug;
		};
		998EA81E2AFDA43F0071E73A /* Release */ = {
			isa = XCBuildConfiguration;
			buildSettings = {
				ALWAYS_SEARCH_USER_PATHS = NO;
				ASSETCATALOG_COMPILER_GENERATE_SWIFT_ASSET_SYMBOL_EXTENSIONS = YES;
				CLANG_ANALYZER_NONNULL = YES;
				CLANG_ANALYZER_NUMBER_OBJECT_CONVERSION = YES_AGGRESSIVE;
				CLANG_CXX_LANGUAGE_STANDARD = "gnu++20";
				CLANG_ENABLE_MODULES = YES;
				CLANG_ENABLE_OBJC_ARC = YES;
				CLANG_ENABLE_OBJC_WEAK = YES;
				CLANG_WARN_BLOCK_CAPTURE_AUTORELEASING = YES;
				CLANG_WARN_BOOL_CONVERSION = YES;
				CLANG_WARN_COMMA = YES;
				CLANG_WARN_CONSTANT_CONVERSION = YES;
				CLANG_WARN_DEPRECATED_OBJC_IMPLEMENTATIONS = YES;
				CLANG_WARN_DIRECT_OBJC_ISA_USAGE = YES_ERROR;
				CLANG_WARN_DOCUMENTATION_COMMENTS = YES;
				CLANG_WARN_EMPTY_BODY = YES;
				CLANG_WARN_ENUM_CONVERSION = YES;
				CLANG_WARN_INFINITE_RECURSION = YES;
				CLANG_WARN_INT_CONVERSION = YES;
				CLANG_WARN_NON_LITERAL_NULL_CONVERSION = YES;
				CLANG_WARN_OBJC_IMPLICIT_RETAIN_SELF = YES;
				CLANG_WARN_OBJC_LITERAL_CONVERSION = YES;
				CLANG_WARN_OBJC_ROOT_CLASS = YES_ERROR;
				CLANG_WARN_QUOTED_INCLUDE_IN_FRAMEWORK_HEADER = YES;
				CLANG_WARN_RANGE_LOOP_ANALYSIS = YES;
				CLANG_WARN_STRICT_PROTOTYPES = YES;
				CLANG_WARN_SUSPICIOUS_MOVE = YES;
				CLANG_WARN_UNGUARDED_AVAILABILITY = YES_AGGRESSIVE;
				CLANG_WARN_UNREACHABLE_CODE = YES;
				CLANG_WARN__DUPLICATE_METHOD_MATCH = YES;
				COPY_PHASE_STRIP = NO;
				DEBUG_INFORMATION_FORMAT = "dwarf-with-dsym";
				ENABLE_NS_ASSERTIONS = NO;
				ENABLE_STRICT_OBJC_MSGSEND = YES;
				ENABLE_USER_SCRIPT_SANDBOXING = YES;
				GCC_C_LANGUAGE_STANDARD = gnu17;
				GCC_NO_COMMON_BLOCKS = YES;
				GCC_WARN_64_TO_32_BIT_CONVERSION = YES;
				GCC_WARN_ABOUT_RETURN_TYPE = YES_ERROR;
				GCC_WARN_UNDECLARED_SELECTOR = YES;
				GCC_WARN_UNINITIALIZED_AUTOS = YES_AGGRESSIVE;
				GCC_WARN_UNUSED_FUNCTION = YES;
				GCC_WARN_UNUSED_VARIABLE = YES;
				IPHONEOS_DEPLOYMENT_TARGET = 15.0;
				LOCALIZATION_PREFERS_STRING_CATALOGS = YES;
				MTL_ENABLE_DEBUG_INFO = NO;
				MTL_FAST_MATH = YES;
				SDKROOT = iphoneos;
				SWIFT_COMPILATION_MODE = wholemodule;
				VALIDATE_PRODUCT = YES;
			};
			name = Release;
		};
		998EA8202AFDA43F0071E73A /* Debug */ = {
			isa = XCBuildConfiguration;
			buildSettings = {
				ASSETCATALOG_COMPILER_APPICON_NAME = AppIcon;
				ASSETCATALOG_COMPILER_GLOBAL_ACCENT_COLOR_NAME = AccentColor;
				CODE_SIGN_STYLE = Automatic;
				CURRENT_PROJECT_VERSION = 1;
				DEVELOPMENT_TEAM = 946KMFNP49;
				GENERATE_INFOPLIST_FILE = YES;
				INFOPLIST_FILE = MyEmojiMixer/Info.plist;
				INFOPLIST_KEY_UIApplicationSupportsIndirectInputEvents = YES;
				INFOPLIST_KEY_UILaunchStoryboardName = LaunchScreen;
				INFOPLIST_KEY_UISupportedInterfaceOrientations_iPad = "UIInterfaceOrientationPortrait UIInterfaceOrientationPortraitUpsideDown UIInterfaceOrientationLandscapeLeft UIInterfaceOrientationLandscapeRight";
				INFOPLIST_KEY_UISupportedInterfaceOrientations_iPhone = "UIInterfaceOrientationPortrait UIInterfaceOrientationLandscapeLeft UIInterfaceOrientationLandscapeRight";
				IPHONEOS_DEPLOYMENT_TARGET = 17.0;
				LD_RUNPATH_SEARCH_PATHS = (
					"$(inherited)",
					"@executable_path/Frameworks",
				);
				MARKETING_VERSION = 1.0;
				PRODUCT_BUNDLE_IDENTIFIER = com.totoriole.MyEmojiMixer;
				PRODUCT_NAME = "$(TARGET_NAME)";
				SUPPORTED_PLATFORMS = "iphoneos iphonesimulator";
				SUPPORTS_MACCATALYST = NO;
				SUPPORTS_MAC_DESIGNED_FOR_IPHONE_IPAD = NO;
				SWIFT_EMIT_LOC_STRINGS = YES;
				SWIFT_VERSION = 5.0;
				TARGETED_DEVICE_FAMILY = 1;
			};
			name = Debug;
		};
		998EA8212AFDA43F0071E73A /* Release */ = {
			isa = XCBuildConfiguration;
			buildSettings = {
				ASSETCATALOG_COMPILER_APPICON_NAME = AppIcon;
				ASSETCATALOG_COMPILER_GLOBAL_ACCENT_COLOR_NAME = AccentColor;
				CODE_SIGN_STYLE = Automatic;
				CURRENT_PROJECT_VERSION = 1;
				DEVELOPMENT_TEAM = 946KMFNP49;
				GENERATE_INFOPLIST_FILE = YES;
				INFOPLIST_FILE = MyEmojiMixer/Info.plist;
				INFOPLIST_KEY_UIApplicationSupportsIndirectInputEvents = YES;
				INFOPLIST_KEY_UILaunchStoryboardName = LaunchScreen;
				INFOPLIST_KEY_UISupportedInterfaceOrientations_iPad = "UIInterfaceOrientationPortrait UIInterfaceOrientationPortraitUpsideDown UIInterfaceOrientationLandscapeLeft UIInterfaceOrientationLandscapeRight";
				INFOPLIST_KEY_UISupportedInterfaceOrientations_iPhone = "UIInterfaceOrientationPortrait UIInterfaceOrientationLandscapeLeft UIInterfaceOrientationLandscapeRight";
				IPHONEOS_DEPLOYMENT_TARGET = 17.0;
				LD_RUNPATH_SEARCH_PATHS = (
					"$(inherited)",
					"@executable_path/Frameworks",
				);
				MARKETING_VERSION = 1.0;
				PRODUCT_BUNDLE_IDENTIFIER = com.totoriole.MyEmojiMixer;
				PRODUCT_NAME = "$(TARGET_NAME)";
				SUPPORTED_PLATFORMS = "iphoneos iphonesimulator";
				SUPPORTS_MACCATALYST = NO;
				SUPPORTS_MAC_DESIGNED_FOR_IPHONE_IPAD = NO;
				SWIFT_EMIT_LOC_STRINGS = YES;
				SWIFT_VERSION = 5.0;
				TARGETED_DEVICE_FAMILY = 1;
			};
			name = Release;
		};
/* End XCBuildConfiguration section */

/* Begin XCConfigurationList section */
		998EA8062AFDA43B0071E73A /* Build configuration list for PBXProject "MyEmojiMixer" */ = {
			isa = XCConfigurationList;
			buildConfigurations = (
				998EA81D2AFDA43F0071E73A /* Debug */,
				998EA81E2AFDA43F0071E73A /* Release */,
			);
			defaultConfigurationIsVisible = 0;
			defaultConfigurationName = Release;
		};
		998EA81F2AFDA43F0071E73A /* Build configuration list for PBXNativeTarget "MyEmojiMixer" */ = {
			isa = XCConfigurationList;
			buildConfigurations = (
				998EA8202AFDA43F0071E73A /* Debug */,
				998EA8212AFDA43F0071E73A /* Release */,
			);
			defaultConfigurationIsVisible = 0;
			defaultConfigurationName = Release;
		};
/* End XCConfigurationList section */

/* Begin XCVersionGroup section */
		BBCB69982B33A04900A86A9A /* Model.xcdatamodeld */ = {
			isa = XCVersionGroup;
			children = (
				BBCB69992B33A04900A86A9A /* Model.xcdatamodel */,
			);
			currentVersion = BBCB69992B33A04900A86A9A /* Model.xcdatamodel */;
			path = Model.xcdatamodeld;
			sourceTree = "<group>";
			versionGroupType = wrapper.xcdatamodel;
		};
/* End XCVersionGroup section */
	};
	rootObject = 998EA8032AFDA43B0071E73A /* Project object */;
}
